PODS:
  - FlutterMacOS (1.0.0)
  - llama (0.0.1):
    - FlutterMacOS

DEPENDENCIES:
  - FlutterMacOS (from `Flutter/ephemeral`)
  - llama (from `Flutter/ephemeral/.symlinks/plugins/llama/macos`)

EXTERNAL SOURCES:
  FlutterMacOS:
    :path: Flutter/ephemeral
  llama:
    :path: Flutter/ephemeral/.symlinks/plugins/llama/macos

SPEC CHECKSUMS:
  FlutterMacOS: 8f6f14fa908a6fb3fba0cd85dbd81ec4b251fb24
  llama: 8d80067a92079951df69f9344e697b213f06c1d1

PODFILE CHECKSUM: 9ebaf0ce3d369aaa26a9ea0e159195ed94724cf3

COCOAPODS: 1.15.2
