PODS:
  - FlutterMacOS (1.0.0)
  - llama_sdk (0.1.8):
    - FlutterMacOS

DEPENDENCIES:
  - FlutterMacOS (from `Flutter/ephemeral`)
  - llama_sdk (from `Flutter/ephemeral/.symlinks/plugins/llama_sdk/macos`)

EXTERNAL SOURCES:
  FlutterMacOS:
    :path: Flutter/ephemeral
  llama_sdk:
    :path: Flutter/ephemeral/.symlinks/plugins/llama_sdk/macos

SPEC CHECKSUMS:
  FlutterMacOS: 8f6f14fa908a6fb3fba0cd85dbd81ec4b251fb24
  llama_sdk: 0ac8159dbc7d836bee3f8349e49780b09e8ccc99

PODFILE CHECKSUM: 9ebaf0ce3d369aaa26a9ea0e159195ed94724cf3

COCOAPODS: 1.16.2
